github.com/andybalholm/cascadia v0.0.0-20161224141413-349dd0209470 h1:4jHLmof+Hba81591gfH5xYA8QXzuvgksxwPNrmjR2BA=
github.com/andybalholm/cascadia v0.0.0-20161224141413-349dd0209470/go.mod h1:3I+3V7B6gTBYfdpYgIG2ymALS9H+5VDKUl3lHH7ToM4=
github.com/jasonlvhit/gocron v0.0.0-20160629181017-42a5804d37aa h1:egYWBLOOyJ69YjvQBRB9UhXDewb4tZ+e/+5QD1WtppU=
github.com/jasonlvhit/gocron v0.0.0-20160629181017-42a5804d37aa/go.mod h1:rwi/esz/h+4oWLhbWWK7f6dtmgLzxeZhnwGr7MCsTNk=
github.com/lpredova/goquery v1.1.1-0.20171104173407-e2a68cedeae3 h1:PY4UziYFraFxFrdXPm9RmAtNQO//sYKWyQOKl5rCPtk=
github.com/lpredova/goquery v1.1.1-0.20171104173407-e2a68cedeae3/go.mod h1:tn632Cf6BQNbPHMGqRsrr7feb2w7YJxLZxkUKLlV9Q0=
github.com/mattn/go-sqlite3 v1.3.1-0.20171024025710-615c193e01d8 h1:Xb4ZUrcj+C1fpMxRU7IL/XqaT15ORydKB/0ekxjoa+M=
github.com/mattn/go-sqlite3 v1.3.1-0.20171024025710-615c193e01d8/go.mod h1:FPy6KqzDD04eiIsT53CuJW3U88zkxoIYsOqkbpncsNc=
github.com/nlopes/slack v0.1.1-0.20170725121730-5cde21b8b96a h1:3jNNUl227zizsb1jWJY8A8ifBAd/utjqWFhb230oMs4=
github.com/nlopes/slack v0.1.1-0.20170725121730-5cde21b8b96a/go.mod h1:jVI4BBK3lSktibKahxBF74txcK2vyvkza1z/+rRnVAM=
github.com/pkg/errors v0.8.1-0.20171018195549-f15c970de5b7 h1:RcqIXZDN7Vz5lgK7+0h3MFF2JNgEu4h91palXJLJ354=
github.com/pkg/errors v0.8.1-0.20171018195549-f15c970de5b7/go.mod h1:bwawxfHBFNV+L2hUp1rHADufV3IMtnDRdf1r5NINEl0=
github.com/urfave/cli v1.20.1-0.20171104023540-44cb242eeb4d h1:042836+GMwSFzBiO54PAyfBmKlTuuxO1AyrJXh9PeAs=
github.com/urfave/cli v1.20.1-0.20171104023540-44cb242eeb4d/go.mod h1:70zkFmudgCuE/ngEzBv17Jvp/497gISqfk5gWijbERA=
golang.org/x/net v0.0.0-20170503120255-feeb485667d1 h1:ED1ux2Gd2RrNOJ0GyENgOJEhK1yAo6Xx/+CNrzZlcig=
golang.org/x/net v0.0.0-20170503120255-feeb485667d1/go.mod h1:mL1N/T3taQHkDXs73rZJwtUhF3w3ftmwwsq0BUmARs4=
gopkg.in/mailgun/mailgun-go.v1 v1.1.0 h1:QGy6MoGyrLc/ovCroC/EcBXpK17m2BEBpbNKD9FC6u8=
gopkg.in/mailgun/mailgun-go.v1 v1.1.0/go.mod h1:R9gRMDLTKsDhoyk5cNcwSWMshsZjp/eUjEGfgu2ZOAk=
