# This file is autogenerated, do not edit; changes may be undone by the next 'dep ensure'.


[[projects]]
  name = "github.com/andybalholm/cascadia"
  packages = ["."]
  revision = "349dd0209470eabd9514242c688c403c0926d266"

[[projects]]
  name = "github.com/jasonlvhit/gocron"
  packages = ["."]
  revision = "42a5804d37aa0b9239b265e894a16b8edbf52d54"

[[projects]]
  branch = "master"
  name = "github.com/lpredova/goquery"
  packages = ["."]
  revision = "e2a68cedeae3f8bea7b339d2696bf25eaad115a9"

[[projects]]
  name = "github.com/mattn/go-sqlite3"
  packages = ["."]
  revision = "615c193e01d8d462eef7ee390171506f531a1c9a"

[[projects]]
  name = "github.com/nlopes/slack"
  packages = ["."]
  revision = "5cde21b8b96a43fc3435a1f514123d14fd7eabdc"

[[projects]]
  name = "github.com/pkg/errors"
  packages = ["."]
  revision = "f15c970de5b76fac0b59abb32d62c17cc7bed265"

[[projects]]
  name = "github.com/urfave/cli"
  packages = ["."]
  revision = "44cb242eeb4d76cc813fdc69ba5c4b224677e799"

[[projects]]
  name = "golang.org/x/net"
  packages = [
    "context",
    "html",
    "html/atom",
    "websocket"
  ]
  revision = "feeb485667d1fdabe727840fe00adc22431bc86e"

[[projects]]
  name = "gopkg.in/mailgun/mailgun-go.v1"
  packages = ["."]
  revision = "a4002e2df2e8ca2da6a6fbb4a72871b504e49f50"
  version = "v1.1.0"

[solve-meta]
  analyzer-name = "dep"
  analyzer-version = 1
  inputs-digest = "7ba8f525b0d58bc6b25a97f9c6322f15cc9db41a011d756e5b2f5ee47edad928"
  solver-name = "gps-cdcl"
  solver-version = 1
